// !$*UTF8*$!
{
	archiveVersion = 1;
	classes = {
	};
	objectVersion = 46;
	objects = {

/* Begin PBXBuildFile section */
		83661A5D1DB1EAA800D43D56 /* AppDelegate.swift in Sources */ = {isa = PBXBuildFile; fileRef = 83661A5C1DB1EAA800D43D56 /* AppDelegate.swift */; };
		83661A5F1DB1EAA800D43D56 /* ViewController.swift in Sources */ = {isa = PBXBuildFile; fileRef = 83661A5E1DB1EAA800D43D56 /* ViewController.swift */; };
		83661A621DB1EAA800D43D56 /* Main.storyboard in Resources */ = {isa = PBXBuildFile; fileRef = 83661A601DB1EAA800D43D56 /* Main.storyboard */; };
		83661A641DB1EAA800D43D56 /* Assets.xcassets in Resources */ = {isa = PBXBuildFile; fileRef = 83661A631DB1EAA800D43D56 /* Assets.xcassets */; };
		83661A671DB1EAA800D43D56 /* LaunchScreen.storyboard in Resources */ = {isa = PBXBuildFile; fileRef = 83661A651DB1EAA800D43D56 /* LaunchScreen.storyboard */; };
/* End PBXBuildFile section */

/* Begin PBXFileReference section */
		83661A591DB1EAA800D43D56 /* MYOS.app */ = {isa = PBXFileReference; explicitFileType = wrapper.application; includeInIndex = 0; path = MYOS.app; sourceTree = BUILT_PRODUCTS_DIR; };
		83661A5C1DB1EAA800D43D56 /* AppDelegate.swift */ = {isa = PBXFileReference; lastKnownFileType = sourcecode.swift; path = AppDelegate.swift; sourceTree = "<group>"; };
		83661A5E1DB1EAA800D43D56 /* ViewController.swift */ = {isa = PBXFileReference; lastKnownFileType = sourcecode.swift; path = ViewController.swift; sourceTree = "<group>"; };
		83661A611DB1EAA800D43D56 /* Base */ = {isa = PBXFileReference; lastKnownFileType = file.storyboard; name = Base; path = Base.lproj/Main.storyboard; sourceTree = "<group>"; };
		83661A631DB1EAA800D43D56 /* Assets.xcassets */ = {isa = PBXFileReference; lastKnownFileType = folder.assetcatalog; path = Assets.xcassets; sourceTree = "<group>"; };
		83661A661DB1EAA800D43D56 /* Base */ = {isa = PBXFileReference; lastKnownFileType = file.storyboard; name = Base; path = Base.lproj/LaunchScreen.storyboard; sourceTree = "<group>"; };
		83661A681DB1EAA800D43D56 /* Info.plist */ = {isa = PBXFileReference; lastKnownFileType = text.plist.xml; path = Info.plist; sourceTree = "<group>"; };
/* End PBXFileReference section */

/* Begin PBXFrameworksBuildPhase section */
		83661A561DB1EAA800D43D56 /* Frameworks */ = {
			isa = PBXFrameworksBuildPhase;
			buildActionMask = 2147483647;
			files = (
			);
			runOnlyForDeploymentPostprocessing = 0;
		};
/* End PBXFrameworksBuildPhase section */

/* Begin PBXGroup section */
		83661A501DB1EAA800D43D56 = {
			isa = PBXGroup;
			children = (
				83661A5B1DB1EAA800D43D56 /* MYOS */,
				83661A5A1DB1EAA800D43D56 /* Products */,
			);
			sourceTree = "<group>";
		};
		83661A5A1DB1EAA800D43D56 /* Products */ = {
			isa = PBXGroup;
			children = (
				83661A591DB1EAA800D43D56 /* MYOS.app */,
			);
			name = Products;
			sourceTree = "<group>";
		};
		83661A5B1DB1EAA800D43D56 /* MYOS */ = {
			isa = PBXGroup;
			children = (
				83661A5C1DB1EAA800D43D56 /* AppDelegate.swift */,
				83661A5E1DB1EAA800D43D56 /* ViewController.swift */,
				83661A601DB1EAA800D43D56 /* Main.storyboard */,
				83661A631DB1EAA800D43D56 /* Assets.xcassets */,
				83661A651DB1EAA800D43D56 /* LaunchScreen.storyboard */,
				83661A681DB1EAA800D43D56 /* Info.plist */,
			);
			path = MYOS;
			sourceTree = "<group>";
		};
/* End PBXGroup section */

/* Begin PBXNativeTarget section */
		83661A581DB1EAA800D43D56 /* MYOS */ = {
			isa = PBXNativeTarget;
			buildConfigurationList = 83661A6B1DB1EAA800D43D56 /* Build configuration list for PBXNativeTarget "MYOS" */;
			buildPhases = (
				83661A551DB1EAA800D43D56 /* Sources */,
				83661A561DB1EAA800D43D56 /* Frameworks */,
				83661A571DB1EAA800D43D56 /* Resources */,
			);
			buildRules = (
			);
			dependencies = (
			);
			name = MYOS;
			productName = MYOS;
			productReference = 83661A591DB1EAA800D43D56 /* MYOS.app */;
			productType = "com.apple.product-type.application";
		};
/* End PBXNativeTarget section */

/* Begin PBXProject section */
		83661A511DB1EAA800D43D56 /* Project object */ = {
			isa = PBXProject;
			attributes = {
				LastSwiftUpdateCheck = 0800;
				LastUpgradeCheck = 0800;
				ORGANIZATIONNAME = "Mukul Sharma";
				TargetAttributes = {
					83661A581DB1EAA800D43D56 = {
						CreatedOnToolsVersion = 8.0;
						ProvisioningStyle = Automatic;
					};
				};
			};
			buildConfigurationList = 83661A541DB1EAA800D43D56 /* Build configuration list for PBXProject "MYOS" */;
			compatibilityVersion = "Xcode 3.2";
			developmentRegion = English;
			hasScannedForEncodings = 0;
			knownRegions = (
				en,
				Base,
			);
			mainGroup = 83661A501DB1EAA800D43D56;
			productRefGroup = 83661A5A1DB1EAA800D43D56 /* Products */;
			projectDirPath = "";
			projectRoot = "";
			targets = (
				83661A581DB1EAA800D43D56 /* MYOS */,
			);
		};
/* End PBXProject section */

/* Begin PBXResourcesBuildPhase section */
		83661A571DB1EAA800D43D56 /* Resources */ = {
			isa = PBXResourcesBuildPhase;
			buildActionMask = 2147483647;
			files = (
				83661A671DB1EAA800D43D56 /* LaunchScreen.storyboard in Resources */,
				83661A641DB1EAA800D43D56 /* Assets.xcassets in Resources */,
				83661A621DB1EAA800D43D56 /* Main.storyboard in Resources */,
			);
			runOnlyForDeploymentPostprocessing = 0;
		};
/* End PBXResourcesBuildPhase section */

/* Begin PBXSourcesBuildPhase section */
		83661A551DB1EAA800D43D56 /* Sources */ = {
			isa = PBXSourcesBuildPhase;
			buildActionMask = 2147483647;
			files = (
				83661A5F1DB1EAA800D43D56 /* ViewController.swift in Sources */,
				83661A5D1DB1EAA800D43D56 /* AppDelegate.swift in Sources */,
			);
			runOnlyForDeploymentPostprocessing = 0;
		};
/* End PBXSourcesBuildPhase section */

/* Begin PBXVariantGroup section */
		83661A601DB1EAA800D43D56 /* Main.storyboard */ = {
			isa = PBXVariantGroup;
			children = (
				83661A611DB1EAA800D43D56 /* Base */,
			);
			name = Main.storyboard;
			sourceTree = "<group>";
		};
		83661A651DB1EAA800D43D56 /* LaunchScreen.storyboard */ = {
			isa = PBXVariantGroup;
			children = (
				83661A661DB1EAA800D43D56 /* Base */,
			);
			name = LaunchScreen.storyboard;
			sourceTree = "<group>";
		};
/* End PBXVariantGroup section */

/* Begin XCBuildConfiguration section */
		83661A691DB1EAA800D43D56 /* Debug */ = {
			isa = XCBuildConfiguration;
			buildSettings = {
				ALWAYS_SEARCH_USER_PATHS = NO;
				CLANG_ANALYZER_NONNULL = YES;
				CLANG_CXX_LANGUAGE_STANDARD = "gnu++0x";
				CLANG_CXX_LIBRARY = "libc++";
				CLANG_ENABLE_MODULES = YES;
				CLANG_ENABLE_OBJC_ARC = YES;
				CLANG_WARN_BOOL_CONVERSION = YES;
				CLANG_WARN_CONSTANT_CONVERSION = YES;
				CLANG_WARN_DIRECT_OBJC_ISA_USAGE = YES_ERROR;
				CLANG_WARN_DOCUMENTATION_COMMENTS = YES;
				CLANG_WARN_EMPTY_BODY = YES;
				CLANG_WARN_ENUM_CONVERSION = YES;
				CLANG_WARN_INFINITE_RECURSION = YES;
				CLANG_WARN_INT_CONVERSION = YES;
				CLANG_WARN_OBJC_ROOT_CLASS = YES_ERROR;
				CLANG_WARN_SUSPICIOUS_MOVES = YES;
				CLANG_WARN_UNREACHABLE_CODE = YES;
				CLANG_WARN__DUPLICATE_METHOD_MATCH = YES;
				"CODE_SIGN_IDENTITY[sdk=iphoneos*]" = "iPhone Developer";
				COPY_PHASE_STRIP = NO;
				DEBUG_INFORMATION_FORMAT = dwarf;
				ENABLE_STRICT_OBJC_MSGSEND = YES;
				ENABLE_TESTABILITY = YES;
				GCC_C_LANGUAGE_STANDARD = gnu99;
				GCC_DYNAMIC_NO_PIC = NO;
				GCC_NO_COMMON_BLOCKS = YES;
				GCC_OPTIMIZATION_LEVEL = 0;
				GCC_PREPROCESSOR_DEFINITIONS = (
					"DEBUG=1",
					"$(inherited)",
				);
				GCC_WARN_64_TO_32_BIT_CONVERSION = YES;
				GCC_WARN_ABOUT_RETURN_TYPE = YES_ERROR;
				GCC_WARN_UNDECLARED_SELECTOR = YES;
				GCC_WARN_UNINITIALIZED_AUTOS = YES_AGGRESSIVE;
				GCC_WARN_UNUSED_FUNCTION = YES;
				GCC_WARN_UNUSED_VARIABLE = YES;
				IPHONEOS_DEPLOYMENT_TARGET = 10.0;
				MTL_ENABLE_DEBUG_INFO = YES;
				ONLY_ACTIVE_ARCH = YES;
				SDKROOT = iphoneos;
				SWIFT_ACTIVE_COMPILATION_CONDITIONS = DEBUG;
				SWIFT_OPTIMIZATION_LEVEL = "-Onone";
				TARGETED_DEVICE_FAMILY = "1,2";
			};
			name = Debug;
		};
		83661A6A1DB1EAA800D43D56 /* Release */ = {
			isa = XCBuildConfiguration;
			buildSettings = {
				ALWAYS_SEARCH_USER_PATHS = NO;
				CLANG_ANALYZER_NONNULL = YES;
				CLANG_CXX_LANGUAGE_STANDARD = "gnu++0x";
				CLANG_CXX_LIBRARY = "libc++";
				CLANG_ENABLE_MODULES = YES;
				CLANG_ENABLE_OBJC_ARC = YES;
				CLANG_WARN_BOOL_CONVERSION = YES;
				CLANG_WARN_CONSTANT_CONVERSION = YES;
				CLANG_WARN_DIRECT_OBJC_ISA_USAGE = YES_ERROR;
				CLANG_WARN_DOCUMENTATION_COMMENTS = YES;
				CLANG_WARN_EMPTY_BODY = YES;
				CLANG_WARN_ENUM_CONVERSION = YES;
				CLANG_WARN_INFINITE_RECURSION = YES;
				CLANG_WARN_INT_CONVERSION = YES;
				CLANG_WARN_OBJC_ROOT_CLASS = YES_ERROR;
				CLANG_WARN_SUSPICIOUS_MOVES = YES;
				CLANG_WARN_UNREACHABLE_CODE = YES;
				CLANG_WARN__DUPLICATE_METHOD_MATCH = YES;
				"CODE_SIGN_IDENTITY[sdk=iphoneos*]" = "iPhone Developer";
				COPY_PHASE_STRIP = NO;
				DEBUG_INFORMATION_FORMAT = "dwarf-with-dsym";
				ENABLE_NS_ASSERTIONS = NO;
				ENABLE_STRICT_OBJC_MSGSEND = YES;
				GCC_C_LANGUAGE_STANDARD = gnu99;
				GCC_NO_COMMON_BLOCKS = YES;
				GCC_WARN_64_TO_32_BIT_CONVERSION = YES;
				GCC_WARN_ABOUT_RETURN_TYPE = YES_ERROR;
				GCC_WARN_UNDECLARED_SELECTOR = YES;
				GCC_WARN_UNINITIALIZED_AUTOS = YES_AGGRESSIVE;
				GCC_WARN_UNUSED_FUNCTION = YES;
				GCC_WARN_UNUSED_VARIABLE = YES;
				IPHONEOS_DEPLOYMENT_TARGET = 10.0;
				MTL_ENABLE_DEBUG_INFO = NO;
				SDKROOT = iphoneos;
				SWIFT_OPTIMIZATION_LEVEL = "-Owholemodule";
				TARGETED_DEVICE_FAMILY = "1,2";
				VALIDATE_PRODUCT = YES;
			};
			name = Release;
		};
		83661A6C1DB1EAA800D43D56 /* Debug */ = {
			isa = XCBuildConfiguration;
			buildSettings = {
				ASSETCATALOG_COMPILER_APPICON_NAME = AppIcon;
				INFOPLIST_FILE = MYOS/Info.plist;
				LD_RUNPATH_SEARCH_PATHS = "$(inherited) @executable_path/Frameworks";
				PRODUCT_BUNDLE_IDENTIFIER = com.project.mukul.MYOS;
				PRODUCT_NAME = "$(TARGET_NAME)";
				SWIFT_VERSION = 3.0;
			};
			name = Debug;
		};
		83661A6D1DB1EAA800D43D56 /* Release */ = {
			isa = XCBuildConfiguration;
			buildSettings = {
				ASSETCATALOG_COMPILER_APPICON_NAME = AppIcon;
				INFOPLIST_FILE = MYOS/Info.plist;
				LD_RUNPATH_SEARCH_PATHS = "$(inherited) @executable_path/Frameworks";
				PRODUCT_BUNDLE_IDENTIFIER = com.project.mukul.MYOS;
				PRODUCT_NAME = "$(TARGET_NAME)";
				SWIFT_VERSION = 3.0;
			};
			name = Release;
		};
/* End XCBuildConfiguration section */

/* Begin XCConfigurationList section */
		83661A541DB1EAA800D43D56 /* Build configuration list for PBXProject "MYOS" */ = {
			isa = XCConfigurationList;
			buildConfigurations = (
				83661A691DB1EAA800D43D56 /* Debug */,
				83661A6A1DB1EAA800D43D56 /* Release */,
			);
			defaultConfigurationIsVisible = 0;
			defaultConfigurationName = Release;
		};
		83661A6B1DB1EAA800D43D56 /* Build configuration list for PBXNativeTarget "MYOS" */ = {
			isa = XCConfigurationList;
			buildConfigurations = (
				83661A6C1DB1EAA800D43D56 /* Debug */,
				83661A6D1DB1EAA800D43D56 /* Release */,
			);
			defaultConfigurationIsVisible = 0;
		};
/* End XCConfigurationList section */
	};
	rootObject = 83661A511DB1EAA800D43D56 /* Project object */;
}
